
Microsoft Visual Studio Solution File, Format Version 12.00
# Visual Studio Version 17
VisualStudioVersion = 17.12.35527.113 d17.12
MinimumVisualStudioVersion = 10.0.40219.1
Project("{FAE04EC0-301F-11D3-BF4B-00C04F79EFBC}") = "Naheed Scrapper 2", "Naheed Scrapper 2.csproj", "{7D91E745-6038-4C2A-AB70-32237D5ACA34}"
EndProject
Global
	GlobalSection(SolutionConfigurationPlatforms) = preSolution
		Debug|Any CPU = Debug|Any CPU
		Release|Any CPU = Release|Any CPU
	EndGlobalSection
	GlobalSection(ProjectConfigurationPlatforms) = postSolution
		{7D91E745-6038-4C2A-AB70-32237D5ACA34}.Debug|Any CPU.ActiveCfg = Debug|Any CPU
		{7D91E745-6038-4C2A-AB70-32237D5ACA34}.Debug|Any CPU.Build.0 = Debug|Any CPU
		{7D91E745-6038-4C2A-AB70-32237D5ACA34}.Release|Any CPU.ActiveCfg = Release|Any CPU
		{7D91E745-6038-4C2A-AB70-32237D5ACA34}.Release|Any CPU.Build.0 = Release|Any CPU
	EndGlobalSection
	GlobalSection(SolutionProperties) = preSolution
		HideSolutionNode = FALSE
	EndGlobalSection
EndGlobal
